// !$*UTF8*$!
{
	archiveVersion = 1;
	classes = {
	};
	objectVersion = 50;
	objects = {

/* Begin PBXBuildFile section */
		980ADFB920ED18DB00669999 /* Pokemon.swift in Sources */ = {isa = PBXBuildFile; fileRef = 980ADFB820ED18DB00669999 /* Pokemon.swift */; };
		980ADFBE20ED1F1F00669999 /* pokemon.ttf in Resources */ = {isa = PBXBuildFile; fileRef = 980ADFBD20ED1F1F00669999 /* pokemon.ttf */; };
		980ADFC020ED1F2400669999 /* music.mp3 in Resources */ = {isa = PBXBuildFile; fileRef = 980ADFBF20ED1F2400669999 /* music.mp3 */; };
		980ADFC320ED229700669999 /* PKMN RBYGSC.ttf in Resources */ = {isa = PBXBuildFile; fileRef = 980ADFC120ED229700669999 /* PKMN RBYGSC.ttf */; };
		985141F220EBF30A005DF924 /* AppDelegate.swift in Sources */ = {isa = PBXBuildFile; fileRef = 985141F120EBF30A005DF924 /* AppDelegate.swift */; };
		985141F420EBF30A005DF924 /* ViewController.swift in Sources */ = {isa = PBXBuildFile; fileRef = 985141F320EBF30A005DF924 /* ViewController.swift */; };
		985141F720EBF30A005DF924 /* Main.storyboard in Resources */ = {isa = PBXBuildFile; fileRef = 985141F520EBF30A005DF924 /* Main.storyboard */; };
		985141F920EBF30B005DF924 /* Assets.xcassets in Resources */ = {isa = PBXBuildFile; fileRef = 985141F820EBF30B005DF924 /* Assets.xcassets */; };
		985141FC20EBF30B005DF924 /* LaunchScreen.storyboard in Resources */ = {isa = PBXBuildFile; fileRef = 985141FA20EBF30B005DF924 /* LaunchScreen.storyboard */; };
		9851420420EBFEEF005DF924 /* pokemon.csv in Resources */ = {isa = PBXBuildFile; fileRef = 9851420320EBFEEE005DF924 /* pokemon.csv */; };
		98A4253D20EE516700B85BEB /* PokeCell.swift in Sources */ = {isa = PBXBuildFile; fileRef = 98A4253C20EE516700B85BEB /* PokeCell.swift */; };
		98A4253F20EE64A600B85BEB /* PokeSearchBar.swift in Sources */ = {isa = PBXBuildFile; fileRef = 98A4253E20EE64A600B85BEB /* PokeSearchBar.swift */; };
		98A4254120EE687E00B85BEB /* csv.swift in Sources */ = {isa = PBXBuildFile; fileRef = 98A4254020EE687E00B85BEB /* csv.swift */; };
		98A4254320EE796400B85BEB /* PokeDetailVC.swift in Sources */ = {isa = PBXBuildFile; fileRef = 98A4254220EE796400B85BEB /* PokeDetailVC.swift */; };
/* End PBXBuildFile section */

/* Begin PBXFileReference section */
		980ADFB820ED18DB00669999 /* Pokemon.swift */ = {isa = PBXFileReference; lastKnownFileType = sourcecode.swift; path = Pokemon.swift; sourceTree = "<group>"; };
		980ADFBD20ED1F1F00669999 /* pokemon.ttf */ = {isa = PBXFileReference; lastKnownFileType = file; path = pokemon.ttf; sourceTree = "<group>"; };
		980ADFBF20ED1F2400669999 /* music.mp3 */ = {isa = PBXFileReference; lastKnownFileType = audio.mp3; path = music.mp3; sourceTree = "<group>"; };
		980ADFC120ED229700669999 /* PKMN RBYGSC.ttf */ = {isa = PBXFileReference; lastKnownFileType = file; path = "PKMN RBYGSC.ttf"; sourceTree = "<group>"; };
		985141EE20EBF30A005DF924 /* PokeSwift.app */ = {isa = PBXFileReference; explicitFileType = wrapper.application; includeInIndex = 0; path = PokeSwift.app; sourceTree = BUILT_PRODUCTS_DIR; };
		985141F120EBF30A005DF924 /* AppDelegate.swift */ = {isa = PBXFileReference; lastKnownFileType = sourcecode.swift; path = AppDelegate.swift; sourceTree = "<group>"; };
		985141F320EBF30A005DF924 /* ViewController.swift */ = {isa = PBXFileReference; lastKnownFileType = sourcecode.swift; path = ViewController.swift; sourceTree = "<group>"; };
		985141F620EBF30A005DF924 /* Base */ = {isa = PBXFileReference; lastKnownFileType = file.storyboard; name = Base; path = Base.lproj/Main.storyboard; sourceTree = "<group>"; };
		985141F820EBF30B005DF924 /* Assets.xcassets */ = {isa = PBXFileReference; lastKnownFileType = folder.assetcatalog; path = Assets.xcassets; sourceTree = "<group>"; };
		985141FB20EBF30B005DF924 /* Base */ = {isa = PBXFileReference; lastKnownFileType = file.storyboard; name = Base; path = Base.lproj/LaunchScreen.storyboard; sourceTree = "<group>"; };
		985141FD20EBF30B005DF924 /* Info.plist */ = {isa = PBXFileReference; lastKnownFileType = text.plist.xml; path = Info.plist; sourceTree = "<group>"; };
		9851420320EBFEEE005DF924 /* pokemon.csv */ = {isa = PBXFileReference; fileEncoding = 4; lastKnownFileType = text; path = pokemon.csv; sourceTree = "<group>"; };
		98A4253C20EE516700B85BEB /* PokeCell.swift */ = {isa = PBXFileReference; lastKnownFileType = sourcecode.swift; path = PokeCell.swift; sourceTree = "<group>"; };
		98A4253E20EE64A600B85BEB /* PokeSearchBar.swift */ = {isa = PBXFileReference; lastKnownFileType = sourcecode.swift; path = PokeSearchBar.swift; sourceTree = "<group>"; };
		98A4254020EE687E00B85BEB /* csv.swift */ = {isa = PBXFileReference; lastKnownFileType = sourcecode.swift; path = csv.swift; sourceTree = "<group>"; };
		98A4254220EE796400B85BEB /* PokeDetailVC.swift */ = {isa = PBXFileReference; lastKnownFileType = sourcecode.swift; path = PokeDetailVC.swift; sourceTree = "<group>"; };
/* End PBXFileReference section */

/* Begin PBXFrameworksBuildPhase section */
		985141EB20EBF30A005DF924 /* Frameworks */ = {
			isa = PBXFrameworksBuildPhase;
			buildActionMask = 2147483647;
			files = (
			);
			runOnlyForDeploymentPostprocessing = 0;
		};
/* End PBXFrameworksBuildPhase section */

/* Begin PBXGroup section */
		980ADFB720ED18CD00669999 /* Model */ = {
			isa = PBXGroup;
			children = (
				980ADFB820ED18DB00669999 /* Pokemon.swift */,
				98A4254020EE687E00B85BEB /* csv.swift */,
			);
			path = Model;
			sourceTree = "<group>";
		};
		980ADFBA20ED1CE300669999 /* Controller */ = {
			isa = PBXGroup;
			children = (
				985141F320EBF30A005DF924 /* ViewController.swift */,
				98A4254220EE796400B85BEB /* PokeDetailVC.swift */,
			);
			path = Controller;
			sourceTree = "<group>";
		};
		980ADFBB20ED1CED00669999 /* View */ = {
			isa = PBXGroup;
			children = (
				98A4253C20EE516700B85BEB /* PokeCell.swift */,
				98A4253E20EE64A600B85BEB /* PokeSearchBar.swift */,
			);
			path = View;
			sourceTree = "<group>";
		};
		980ADFBC20ED1F0900669999 /* Resources */ = {
			isa = PBXGroup;
			children = (
				9851420320EBFEEE005DF924 /* pokemon.csv */,
				980ADFBD20ED1F1F00669999 /* pokemon.ttf */,
				980ADFBF20ED1F2400669999 /* music.mp3 */,
				980ADFC120ED229700669999 /* PKMN RBYGSC.ttf */,
			);
			path = Resources;
			sourceTree = "<group>";
		};
		985141E520EBF30A005DF924 = {
			isa = PBXGroup;
			children = (
				985141F020EBF30A005DF924 /* PokeSwift */,
				985141EF20EBF30A005DF924 /* Products */,
			);
			sourceTree = "<group>";
		};
		985141EF20EBF30A005DF924 /* Products */ = {
			isa = PBXGroup;
			children = (
				985141EE20EBF30A005DF924 /* PokeSwift.app */,
			);
			name = Products;
			sourceTree = "<group>";
		};
		985141F020EBF30A005DF924 /* PokeSwift */ = {
			isa = PBXGroup;
			children = (
				980ADFB720ED18CD00669999 /* Model */,
				980ADFBB20ED1CED00669999 /* View */,
				980ADFBA20ED1CE300669999 /* Controller */,
				980ADFBC20ED1F0900669999 /* Resources */,
				985141F120EBF30A005DF924 /* AppDelegate.swift */,
				985141F520EBF30A005DF924 /* Main.storyboard */,
				985141F820EBF30B005DF924 /* Assets.xcassets */,
				985141FA20EBF30B005DF924 /* LaunchScreen.storyboard */,
				985141FD20EBF30B005DF924 /* Info.plist */,
			);
			path = PokeSwift;
			sourceTree = "<group>";
		};
/* End PBXGroup section */

/* Begin PBXNativeTarget section */
		985141ED20EBF30A005DF924 /* PokeSwift */ = {
			isa = PBXNativeTarget;
			buildConfigurationList = 9851420020EBF30B005DF924 /* Build configuration list for PBXNativeTarget "PokeSwift" */;
			buildPhases = (
				985141EA20EBF30A005DF924 /* Sources */,
				985141EB20EBF30A005DF924 /* Frameworks */,
				985141EC20EBF30A005DF924 /* Resources */,
			);
			buildRules = (
			);
			dependencies = (
			);
			name = PokeSwift;
			productName = PokeSwift;
			productReference = 985141EE20EBF30A005DF924 /* PokeSwift.app */;
			productType = "com.apple.product-type.application";
		};
/* End PBXNativeTarget section */

/* Begin PBXProject section */
		985141E620EBF30A005DF924 /* Project object */ = {
			isa = PBXProject;
			attributes = {
				LastSwiftUpdateCheck = 0940;
				LastUpgradeCheck = 0940;
				ORGANIZATIONNAME = "Steven Lattenhauer 2nd";
				TargetAttributes = {
					985141ED20EBF30A005DF924 = {
						CreatedOnToolsVersion = 9.4.1;
					};
				};
			};
			buildConfigurationList = 985141E920EBF30A005DF924 /* Build configuration list for PBXProject "PokeSwift" */;
			compatibilityVersion = "Xcode 9.3";
			developmentRegion = en;
			hasScannedForEncodings = 0;
			knownRegions = (
				en,
				Base,
			);
			mainGroup = 985141E520EBF30A005DF924;
			productRefGroup = 985141EF20EBF30A005DF924 /* Products */;
			projectDirPath = "";
			projectRoot = "";
			targets = (
				985141ED20EBF30A005DF924 /* PokeSwift */,
			);
		};
/* End PBXProject section */

/* Begin PBXResourcesBuildPhase section */
		985141EC20EBF30A005DF924 /* Resources */ = {
			isa = PBXResourcesBuildPhase;
			buildActionMask = 2147483647;
			files = (
				980ADFBE20ED1F1F00669999 /* pokemon.ttf in Resources */,
				985141FC20EBF30B005DF924 /* LaunchScreen.storyboard in Resources */,
				980ADFC320ED229700669999 /* PKMN RBYGSC.ttf in Resources */,
				980ADFC020ED1F2400669999 /* music.mp3 in Resources */,
				985141F920EBF30B005DF924 /* Assets.xcassets in Resources */,
				9851420420EBFEEF005DF924 /* pokemon.csv in Resources */,
				985141F720EBF30A005DF924 /* Main.storyboard in Resources */,
			);
			runOnlyForDeploymentPostprocessing = 0;
		};
/* End PBXResourcesBuildPhase section */

/* Begin PBXSourcesBuildPhase section */
		985141EA20EBF30A005DF924 /* Sources */ = {
			isa = PBXSourcesBuildPhase;
			buildActionMask = 2147483647;
			files = (
				98A4254120EE687E00B85BEB /* csv.swift in Sources */,
				98A4254320EE796400B85BEB /* PokeDetailVC.swift in Sources */,
				98A4253D20EE516700B85BEB /* PokeCell.swift in Sources */,
				985141F420EBF30A005DF924 /* ViewController.swift in Sources */,
				985141F220EBF30A005DF924 /* AppDelegate.swift in Sources */,
				980ADFB920ED18DB00669999 /* Pokemon.swift in Sources */,
				98A4253F20EE64A600B85BEB /* PokeSearchBar.swift in Sources */,
			);
			runOnlyForDeploymentPostprocessing = 0;
		};
/* End PBXSourcesBuildPhase section */

/* Begin PBXVariantGroup section */
		985141F520EBF30A005DF924 /* Main.storyboard */ = {
			isa = PBXVariantGroup;
			children = (
				985141F620EBF30A005DF924 /* Base */,
			);
			name = Main.storyboard;
			sourceTree = "<group>";
		};
		985141FA20EBF30B005DF924 /* LaunchScreen.storyboard */ = {
			isa = PBXVariantGroup;
			children = (
				985141FB20EBF30B005DF924 /* Base */,
			);
			name = LaunchScreen.storyboard;
			sourceTree = "<group>";
		};
/* End PBXVariantGroup section */

/* Begin XCBuildConfiguration section */
		985141FE20EBF30B005DF924 /* Debug */ = {
			isa = XCBuildConfiguration;
			buildSettings = {
				ALWAYS_SEARCH_USER_PATHS = NO;
				CLANG_ANALYZER_NONNULL = YES;
				CLANG_ANALYZER_NUMBER_OBJECT_CONVERSION = YES_AGGRESSIVE;
				CLANG_CXX_LANGUAGE_STANDARD = "gnu++14";
				CLANG_CXX_LIBRARY = "libc++";
				CLANG_ENABLE_MODULES = YES;
				CLANG_ENABLE_OBJC_ARC = YES;
				CLANG_ENABLE_OBJC_WEAK = YES;
				CLANG_WARN_BLOCK_CAPTURE_AUTORELEASING = YES;
				CLANG_WARN_BOOL_CONVERSION = YES;
				CLANG_WARN_COMMA = YES;
				CLANG_WARN_CONSTANT_CONVERSION = YES;
				CLANG_WARN_DEPRECATED_OBJC_IMPLEMENTATIONS = YES;
				CLANG_WARN_DIRECT_OBJC_ISA_USAGE = YES_ERROR;
				CLANG_WARN_DOCUMENTATION_COMMENTS = YES;
				CLANG_WARN_EMPTY_BODY = YES;
				CLANG_WARN_ENUM_CONVERSION = YES;
				CLANG_WARN_INFINITE_RECURSION = YES;
				CLANG_WARN_INT_CONVERSION = YES;
				CLANG_WARN_NON_LITERAL_NULL_CONVERSION = YES;
				CLANG_WARN_OBJC_IMPLICIT_RETAIN_SELF = YES;
				CLANG_WARN_OBJC_LITERAL_CONVERSION = YES;
				CLANG_WARN_OBJC_ROOT_CLASS = YES_ERROR;
				CLANG_WARN_RANGE_LOOP_ANALYSIS = YES;
				CLANG_WARN_STRICT_PROTOTYPES = YES;
				CLANG_WARN_SUSPICIOUS_MOVE = YES;
				CLANG_WARN_UNGUARDED_AVAILABILITY = YES_AGGRESSIVE;
				CLANG_WARN_UNREACHABLE_CODE = YES;
				CLANG_WARN__DUPLICATE_METHOD_MATCH = YES;
				CODE_SIGN_IDENTITY = "iPhone Developer";
				COPY_PHASE_STRIP = NO;
				DEBUG_INFORMATION_FORMAT = dwarf;
				ENABLE_STRICT_OBJC_MSGSEND = YES;
				ENABLE_TESTABILITY = YES;
				GCC_C_LANGUAGE_STANDARD = gnu11;
				GCC_DYNAMIC_NO_PIC = NO;
				GCC_NO_COMMON_BLOCKS = YES;
				GCC_OPTIMIZATION_LEVEL = 0;
				GCC_PREPROCESSOR_DEFINITIONS = (
					"DEBUG=1",
					"$(inherited)",
				);
				GCC_WARN_64_TO_32_BIT_CONVERSION = YES;
				GCC_WARN_ABOUT_RETURN_TYPE = YES_ERROR;
				GCC_WARN_UNDECLARED_SELECTOR = YES;
				GCC_WARN_UNINITIALIZED_AUTOS = YES_AGGRESSIVE;
				GCC_WARN_UNUSED_FUNCTION = YES;
				GCC_WARN_UNUSED_VARIABLE = YES;
				IPHONEOS_DEPLOYMENT_TARGET = 11.4;
				MTL_ENABLE_DEBUG_INFO = YES;
				ONLY_ACTIVE_ARCH = YES;
				SDKROOT = iphoneos;
				SWIFT_ACTIVE_COMPILATION_CONDITIONS = DEBUG;
				SWIFT_OPTIMIZATION_LEVEL = "-Onone";
			};
			name = Debug;
		};
		985141FF20EBF30B005DF924 /* Release */ = {
			isa = XCBuildConfiguration;
			buildSettings = {
				ALWAYS_SEARCH_USER_PATHS = NO;
				CLANG_ANALYZER_NONNULL = YES;
				CLANG_ANALYZER_NUMBER_OBJECT_CONVERSION = YES_AGGRESSIVE;
				CLANG_CXX_LANGUAGE_STANDARD = "gnu++14";
				CLANG_CXX_LIBRARY = "libc++";
				CLANG_ENABLE_MODULES = YES;
				CLANG_ENABLE_OBJC_ARC = YES;
				CLANG_ENABLE_OBJC_WEAK = YES;
				CLANG_WARN_BLOCK_CAPTURE_AUTORELEASING = YES;
				CLANG_WARN_BOOL_CONVERSION = YES;
				CLANG_WARN_COMMA = YES;
				CLANG_WARN_CONSTANT_CONVERSION = YES;
				CLANG_WARN_DEPRECATED_OBJC_IMPLEMENTATIONS = YES;
				CLANG_WARN_DIRECT_OBJC_ISA_USAGE = YES_ERROR;
				CLANG_WARN_DOCUMENTATION_COMMENTS = YES;
				CLANG_WARN_EMPTY_BODY = YES;
				CLANG_WARN_ENUM_CONVERSION = YES;
				CLANG_WARN_INFINITE_RECURSION = YES;
				CLANG_WARN_INT_CONVERSION = YES;
				CLANG_WARN_NON_LITERAL_NULL_CONVERSION = YES;
				CLANG_WARN_OBJC_IMPLICIT_RETAIN_SELF = YES;
				CLANG_WARN_OBJC_LITERAL_CONVERSION = YES;
				CLANG_WARN_OBJC_ROOT_CLASS = YES_ERROR;
				CLANG_WARN_RANGE_LOOP_ANALYSIS = YES;
				CLANG_WARN_STRICT_PROTOTYPES = YES;
				CLANG_WARN_SUSPICIOUS_MOVE = YES;
				CLANG_WARN_UNGUARDED_AVAILABILITY = YES_AGGRESSIVE;
				CLANG_WARN_UNREACHABLE_CODE = YES;
				CLANG_WARN__DUPLICATE_METHOD_MATCH = YES;
				CODE_SIGN_IDENTITY = "iPhone Developer";
				COPY_PHASE_STRIP = NO;
				DEBUG_INFORMATION_FORMAT = "dwarf-with-dsym";
				ENABLE_NS_ASSERTIONS = NO;
				ENABLE_STRICT_OBJC_MSGSEND = YES;
				GCC_C_LANGUAGE_STANDARD = gnu11;
				GCC_NO_COMMON_BLOCKS = YES;
				GCC_WARN_64_TO_32_BIT_CONVERSION = YES;
				GCC_WARN_ABOUT_RETURN_TYPE = YES_ERROR;
				GCC_WARN_UNDECLARED_SELECTOR = YES;
				GCC_WARN_UNINITIALIZED_AUTOS = YES_AGGRESSIVE;
				GCC_WARN_UNUSED_FUNCTION = YES;
				GCC_WARN_UNUSED_VARIABLE = YES;
				IPHONEOS_DEPLOYMENT_TARGET = 11.4;
				MTL_ENABLE_DEBUG_INFO = NO;
				SDKROOT = iphoneos;
				SWIFT_COMPILATION_MODE = wholemodule;
				SWIFT_OPTIMIZATION_LEVEL = "-O";
				VALIDATE_PRODUCT = YES;
			};
			name = Release;
		};
		9851420120EBF30B005DF924 /* Debug */ = {
			isa = XCBuildConfiguration;
			buildSettings = {
				ASSETCATALOG_COMPILER_APPICON_NAME = AppIcon;
				CODE_SIGN_STYLE = Automatic;
				DEVELOPMENT_TEAM = CAT5B82X9C;
				INFOPLIST_FILE = PokeSwift/Info.plist;
				LD_RUNPATH_SEARCH_PATHS = (
					"$(inherited)",
					"@executable_path/Frameworks",
				);
				PRODUCT_BUNDLE_IDENTIFIER = com.s2.PokeSwift;
				PRODUCT_NAME = "$(TARGET_NAME)";
				SWIFT_VERSION = 4.0;
				TARGETED_DEVICE_FAMILY = "1,2";
			};
			name = Debug;
		};
		9851420220EBF30B005DF924 /* Release */ = {
			isa = XCBuildConfiguration;
			buildSettings = {
				ASSETCATALOG_COMPILER_APPICON_NAME = AppIcon;
				CODE_SIGN_STYLE = Automatic;
				DEVELOPMENT_TEAM = CAT5B82X9C;
				INFOPLIST_FILE = PokeSwift/Info.plist;
				LD_RUNPATH_SEARCH_PATHS = (
					"$(inherited)",
					"@executable_path/Frameworks",
				);
				PRODUCT_BUNDLE_IDENTIFIER = com.s2.PokeSwift;
				PRODUCT_NAME = "$(TARGET_NAME)";
				SWIFT_VERSION = 4.0;
				TARGETED_DEVICE_FAMILY = "1,2";
			};
			name = Release;
		};
/* End XCBuildConfiguration section */

/* Begin XCConfigurationList section */
		985141E920EBF30A005DF924 /* Build configuration list for PBXProject "PokeSwift" */ = {
			isa = XCConfigurationList;
			buildConfigurations = (
				985141FE20EBF30B005DF924 /* Debug */,
				985141FF20EBF30B005DF924 /* Release */,
			);
			defaultConfigurationIsVisible = 0;
			defaultConfigurationName = Release;
		};
		9851420020EBF30B005DF924 /* Build configuration list for PBXNativeTarget "PokeSwift" */ = {
			isa = XCConfigurationList;
			buildConfigurations = (
				9851420120EBF30B005DF924 /* Debug */,
				9851420220EBF30B005DF924 /* Release */,
			);
			defaultConfigurationIsVisible = 0;
			defaultConfigurationName = Release;
		};
/* End XCConfigurationList section */
	};
	rootObject = 985141E620EBF30A005DF924 /* Project object */;
}
